
Microsoft Visual Studio Solution File, Format Version 12.00
# Visual Studio 15
VisualStudioVersion = 15.0.27703.2042
MinimumVisualStudioVersion = 10.0.40219.1
Project("{FAE04EC0-301F-11D3-BF4B-00C04F79EFBC}") = "SkajPajClientWPF", "SkajPajClientWPF\SkajPajClientWPF.csproj", "{CDE48A59-8F97-4AAE-87BE-71EEC1D6802D}"
EndProject
Global
	GlobalSection(SolutionConfigurationPlatforms) = preSolution
		Debug|Any CPU = Debug|Any CPU
		Release|Any CPU = Release|Any CPU
	EndGlobalSection
	GlobalSection(ProjectConfigurationPlatforms) = postSolution
		{CDE48A59-8F97-4AAE-87BE-71EEC1D6802D}.Debug|Any CPU.ActiveCfg = Debug|Any CPU
		{CDE48A59-8F97-4AAE-87BE-71EEC1D6802D}.Debug|Any CPU.Build.0 = Debug|Any CPU
		{CDE48A59-8F97-4AAE-87BE-71EEC1D6802D}.Release|Any CPU.ActiveCfg = Release|Any CPU
		{CDE48A59-8F97-4AAE-87BE-71EEC1D6802D}.Release|Any CPU.Build.0 = Release|Any CPU
	EndGlobalSection
	GlobalSection(SolutionProperties) = preSolution
		HideSolutionNode = FALSE
	EndGlobalSection
	GlobalSection(ExtensibilityGlobals) = postSolution
		SolutionGuid = {DF93AFB8-941F-450E-B0FE-508EEBB89CB6}
	EndGlobalSection
EndGlobal
